<?xml version="1.0" encoding="utf-8"?>
<Project ToolsVersion="4.0" xmlns="http://schemas.microsoft.com/developer/msbuild/2003">
  <ItemGroup>
    <Filter Include="DFSandBFS">
      <UniqueIdentifier>{83df8d22-77ad-4f3b-870d-97812bf5c630}</UniqueIdentifier>
    </Filter>
  </ItemGroup>
  <ItemGroup>
    <ClCompile Include="GraphSearch\Baekjoon1260.cpp" />
    <ClCompile Include="GraphSearch\Baekjoon2583.cpp" />
    <ClCompile Include="GraphSearch\Baekjoon2828.cpp" />
    <ClCompile Include="GraphSearch\Baekjoon3474.cpp" />
    <ClCompile Include="etc\Baekjoon2609.cpp" />
    <ClCompile Include="KGA\main.cpp" />
    <ClCompile Include="KGA\karel.cpp" />
    <ClCompile Include="GraphSearch\Baekjoon2667.cpp" />
  </ItemGroup>
  <ItemGroup>
    <None Include="README.md" />
  </ItemGroup>
</Project>