<?xml version="1.0" encoding="utf-8"?>
<Project ToolsVersion="4.0" xmlns="http://schemas.microsoft.com/developer/msbuild/2003">
  <ItemGroup>
    <Filter Include="DFSandBFS">
      <UniqueIdentifier>{83df8d22-77ad-4f3b-870d-97812bf5c630}</UniqueIdentifier>
    </Filter>
  </ItemGroup>
  <ItemGroup>
    <ClCompile Include="01. GraphSearch\01. Baekjoon 1260\Baekjoon1260.cpp" />
    <ClCompile Include="01. GraphSearch\03. Baekjoon 2583\Baekjoon2583.cpp" />
    <ClCompile Include="01. GraphSearch\05. Baekjoon 2828\Baekjoon2828.cpp" />
    <ClCompile Include="01. GraphSearch\06. Baekjoon 3474\Baekjoon3474.cpp" />
    <ClCompile Include="00. ETC\01. Baekjoon2609\Baekjoon2609.cpp" />
    <ClCompile Include="01. GraphSearch\04. Baekjoon 2667\Baekjoon2667.cpp" />
    <ClCompile Include="01. GraphSearch\07. Baekjoon 9205\Baekjoon9205.cpp" />
    <ClCompile Include="01. GraphSearch\08. Baekjoon 14503\Baekjoon14503.cpp" />
    <ClCompile Include="01. GraphSearch\02. Baekjoon 1926\Baekjoon1926.cpp" />
    <ClCompile Include="02. DP\01. Baekjoon 2666\Baekjoon2666.cpp" />
    <ClCompile Include="03. Greedy\01. Baekjoon 17822\Baekjoon17822ing.cpp" />
    <ClCompile Include="04. Stack and Queue\01. Programmers\source01.cpp" />
    <ClCompile Include="04. Stack and Queue\01. Programmers\source02ing.cpp" />
    <ClCompile Include="05. Bitmasking\01. Programmers\source1.cpp" />
    <ClCompile Include="06. Map\01. Programmers\source1.cpp" />
    <ClCompile Include="00. ETC\00. Programmers\source1.cpp" />
    <ClCompile Include="03. Greedy\00. Programmers\source1.cpp" />
    <ClCompile Include="05. Bitmasking\01. Programmers\source2.cpp" />
    <ClCompile Include="00. ETC\00. Programmers\source2.cpp" />
    <ClCompile Include="00. ETC\02. Baekjoon11047\Baekjoon11047.cpp" />
    <ClCompile Include="01. GraphSearch\09. Baekjoon 2606\Baekjoon2606.cpp" />
    <ClCompile Include="01. GraphSearch\10. Baekjoon 2146\Baekjoon2146.cpp" />
    <ClCompile Include="05. Bitmasking\02. Baekjoon 20304\Baekjoon20304ing.cpp" />
    <ClCompile Include="01. GraphSearch\00. Programmers\source1.cpp" />
    <ClCompile Include="01. GraphSearch\11. Baekjoon 2573\Baekjoon2573.cpp" />
    <ClCompile Include="01. GraphSearch\12. Baekjoon 9328\Baekjoon9328.cpp" />
    <ClCompile Include="04. Stack and Queue\02. Baekjoon 1874\Baekjoon1874.cpp" />
    <ClCompile Include="04. Stack and Queue\03. Baekjoon 2493\Baekjoon2493.cpp" />
    <ClCompile Include="09. PriorityQueue\Programmers\source1.cpp" />
    <ClCompile Include="04. Stack and Queue\01. Programmers\source3.cpp" />
    <ClCompile Include="04. Stack and Queue\01. Programmers\source4.cpp" />
    <ClCompile Include="04. Stack and Queue\01. Programmers\source5.cpp" />
    <ClCompile Include="00. ETC\00. Programmers\source3.cpp" />
    <ClCompile Include="00. ETC\00. Programmers\source4.cpp" />
    <ClCompile Include="00. ETC\00. Programmers\source5.cpp" />
    <ClCompile Include="06. Map\01. Programmers\source2.cpp" />
    <ClCompile Include="01. GraphSearch\13. Baekjoon 7576\Baekjoon7576.cpp" />
    <ClCompile Include="01. GraphSearch\14. Baekjoon 1697\Baekjoon1697.cpp" />
    <ClCompile Include="07. BackTracking\baekjoon15649.cpp" />
    <ClCompile Include="07. BackTracking\BackTracking.cpp" />
    <ClCompile Include="07. BackTracking\baekjoon6603.cpp" />
    <ClCompile Include="07. BackTracking\baekjoon15650.cpp" />
    <ClCompile Include="00. ETC\00. Programmers\source6.cpp" />
    <ClCompile Include="00. ETC\03. Baekjoon4386\Baekjoon4386.cpp" />
    <ClCompile Include="02. DP\00. Programmers\source3.cpp" />
    <ClCompile Include="08. Recursion\Baekjoon\Baekjoon11729.cpp" />
    <ClCompile Include="08. Recursion\Baekjoon\Baekjoon2447.cpp" />
    <ClCompile Include="08. Recursion\Baekjoon\Baekjoon2630.cpp" />
    <ClCompile Include="08. Recursion\Baekjoon\Baekjoon1992.cpp" />
    <ClCompile Include="09. PriorityQueue\Baekjoon\Baekjoon13904.cpp" />
    <ClCompile Include="09. PriorityQueue\Baekjoon\Baekjoon11286.cpp" />
    <ClCompile Include="09. PriorityQueue\Baekjoon\Baekjoon11279.cpp" />
    <ClCompile Include="09. PriorityQueue\Baekjoon\Baekjoon1927.cpp" />
    <ClCompile Include="09. PriorityQueue\Baekjoon\Baekjoon13975.cpp" />
    <ClCompile Include="00. ETC\DFSandBFS.cpp" />
    <ClCompile Include="08. Recursion\Baekjoon\Baekjoon1914ing.cpp" />
    <ClCompile Include="00. ETC\Baekjoon15922.cpp" />
    <ClCompile Include="01. GraphSearch\Baekjoon1652.cpp" />
    <ClCompile Include="07. BackTracking\Baekjoon9663.cpp" />
    <ClCompile Include="00. ETC\Baekjoon8979.cpp" />
    <ClCompile Include="01. GraphSearch\BOJ-1388.cpp" />
    <ClCompile Include="07. BackTracking\Baekjoon15652.cpp" />
    <ClCompile Include="10. DivideAndConquer\BOJ-4779.cpp" />
    <ClCompile Include="10. DivideAndConquer\BOJ-11582.cpp" />
    <ClCompile Include="10. DivideAndConquer\BOJ-21870.cpp" />
  </ItemGroup>
  <ItemGroup>
    <None Include="README.md" />
  </ItemGroup>
</Project>