<?xml version="1.0" encoding="utf-8"?>
<Project ToolsVersion="4.0" xmlns="http://schemas.microsoft.com/developer/msbuild/2003">
  <ItemGroup>
    <Filter Include="DFSandBFS">
      <UniqueIdentifier>{83df8d22-77ad-4f3b-870d-97812bf5c630}</UniqueIdentifier>
    </Filter>
  </ItemGroup>
  <ItemGroup>
    <ClCompile Include="01. GraphSearch\01. Baekjoon 1260\Baekjoon1260.cpp" />
    <ClCompile Include="01. GraphSearch\03. Baekjoon 2583\Baekjoon2583.cpp" />
    <ClCompile Include="01. GraphSearch\05. Baekjoon 2828\Baekjoon2828.cpp" />
    <ClCompile Include="01. GraphSearch\06. Baekjoon 3474\Baekjoon3474.cpp" />
    <ClCompile Include="00. ETC\01. Baekjoon2609\Baekjoon2609.cpp" />
    <ClCompile Include="01. GraphSearch\04. Baekjoon 2667\Baekjoon2667.cpp" />
    <ClCompile Include="01. GraphSearch\07. Baekjoon 9205\Baekjoon9205.cpp" />
    <ClCompile Include="01. GraphSearch\08. Baekjoon 14503\Baekjoon14503ing.cpp" />
    <ClCompile Include="01. GraphSearch\02. Baekjoon 1926\Baekjoon1926.cpp" />
    <ClCompile Include="02. DP\01. Baekjoon 2666\Baekjoon2666.cpp" />
    <ClCompile Include="03. Greedy\01. Baekjoon 17822\Baekjoon17822ing.cpp" />
  </ItemGroup>
  <ItemGroup>
    <None Include="README.md" />
  </ItemGroup>
</Project>